
Microsoft Visual Studio Solution File, Format Version 12.00
# Visual Studio Version 16
VisualStudioVersion = 16.0.29709.97
MinimumVisualStudioVersion = 10.0.40219.1
Project("{F184B08F-C81C-45F6-A57F-5ABD9991F28F}") = "GotScraper", "GotScraper\GotScraper.vbproj", "{1DF9BB42-97BC-4013-89FF-37A503A9E644}"
EndProject
Project("{840C416C-B8F3-42BC-B0DD-F6BB14C9F8CB}") = "FLM", "FLM\FLM.aiproj", "{77A148F9-13B3-45AF-94A0-F774747C55F7}"
EndProject
Global
	GlobalSection(SolutionConfigurationPlatforms) = preSolution
		All|Any CPU = All|Any CPU
		Debug|Any CPU = Debug|Any CPU
		Release|Any CPU = Release|Any CPU
	EndGlobalSection
	GlobalSection(ProjectConfigurationPlatforms) = postSolution
		{1DF9BB42-97BC-4013-89FF-37A503A9E644}.All|Any CPU.ActiveCfg = Release|Any CPU
		{1DF9BB42-97BC-4013-89FF-37A503A9E644}.All|Any CPU.Build.0 = Release|Any CPU
		{1DF9BB42-97BC-4013-89FF-37A503A9E644}.Debug|Any CPU.ActiveCfg = Debug|Any CPU
		{1DF9BB42-97BC-4013-89FF-37A503A9E644}.Debug|Any CPU.Build.0 = Debug|Any CPU
		{1DF9BB42-97BC-4013-89FF-37A503A9E644}.Release|Any CPU.ActiveCfg = Release|Any CPU
		{1DF9BB42-97BC-4013-89FF-37A503A9E644}.Release|Any CPU.Build.0 = Release|Any CPU
		{77A148F9-13B3-45AF-94A0-F774747C55F7}.All|Any CPU.ActiveCfg = DefaultBuild
		{77A148F9-13B3-45AF-94A0-F774747C55F7}.All|Any CPU.Build.0 = DefaultBuild
		{77A148F9-13B3-45AF-94A0-F774747C55F7}.Debug|Any CPU.ActiveCfg = DefaultBuild
		{77A148F9-13B3-45AF-94A0-F774747C55F7}.Debug|Any CPU.Build.0 = DefaultBuild
		{77A148F9-13B3-45AF-94A0-F774747C55F7}.Release|Any CPU.ActiveCfg = DefaultBuild
		{77A148F9-13B3-45AF-94A0-F774747C55F7}.Release|Any CPU.Build.0 = DefaultBuild
	EndGlobalSection
	GlobalSection(SolutionProperties) = preSolution
		HideSolutionNode = FALSE
	EndGlobalSection
	GlobalSection(ExtensibilityGlobals) = postSolution
		SolutionGuid = {C3812473-7A55-4523-9DEE-5B9C2A1EDDB0}
	EndGlobalSection
EndGlobal
